<Solution>
  <Folder Name="/K8S/">
    <File Path="commands-depl.yaml" />
    <File Path="ingress-srv.yaml" />
    <File Path="platforms-depl.yaml" />
    <File Path="platforms-np-srv.yaml" />
  </Folder>
  <Project Path="../../../../../../source/repos/PlatformService/PlatformService/PlatformService.csproj" />
</Solution>
